
Microsoft Visual Studio Solution File, Format Version 12.00
# Visual Studio Version 17
VisualStudioVersion = 17.14.36408.4
MinimumVisualStudioVersion = 10.0.40219.1
Project("{FAE04EC0-301F-11D3-BF4B-00C04F79EFBC}") = "api", "api\api.csproj", "{750E6527-7BC0-4B34-83FB-9DA5AD6CB813}"
EndProject
Project("{54A90642-561A-4BB1-A94E-469ADEE60C69}") = "web", "web\web.esproj", "{7D128133-D57F-C939-CFF4-334A9B8DF362}"
EndProject
Global
	GlobalSection(SolutionConfigurationPlatforms) = preSolution
		Debug|Any CPU = Debug|Any CPU
		Release|Any CPU = Release|Any CPU
	EndGlobalSection
	GlobalSection(ProjectConfigurationPlatforms) = postSolution
		{750E6527-7BC0-4B34-83FB-9DA5AD6CB813}.Debug|Any CPU.ActiveCfg = Debug|Any CPU
		{750E6527-7BC0-4B34-83FB-9DA5AD6CB813}.Debug|Any CPU.Build.0 = Debug|Any CPU
		{750E6527-7BC0-4B34-83FB-9DA5AD6CB813}.Release|Any CPU.ActiveCfg = Release|Any CPU
		{750E6527-7BC0-4B34-83FB-9DA5AD6CB813}.Release|Any CPU.Build.0 = Release|Any CPU
		{7D128133-D57F-C939-CFF4-334A9B8DF362}.Debug|Any CPU.ActiveCfg = Debug|Any CPU
		{7D128133-D57F-C939-CFF4-334A9B8DF362}.Debug|Any CPU.Build.0 = Debug|Any CPU
		{7D128133-D57F-C939-CFF4-334A9B8DF362}.Debug|Any CPU.Deploy.0 = Debug|Any CPU
		{7D128133-D57F-C939-CFF4-334A9B8DF362}.Release|Any CPU.ActiveCfg = Release|Any CPU
		{7D128133-D57F-C939-CFF4-334A9B8DF362}.Release|Any CPU.Build.0 = Release|Any CPU
		{7D128133-D57F-C939-CFF4-334A9B8DF362}.Release|Any CPU.Deploy.0 = Release|Any CPU
	EndGlobalSection
	GlobalSection(SolutionProperties) = preSolution
		HideSolutionNode = FALSE
	EndGlobalSection
	GlobalSection(ExtensibilityGlobals) = postSolution
		SolutionGuid = {577DD28A-0239-4F11-A13E-018B3A784603}
	EndGlobalSection
EndGlobal
